
Microsoft Visual Studio Solution File, Format Version 12.00
# Visual Studio Version 17
VisualStudioVersion = 17.3.32929.385
MinimumVisualStudioVersion = 10.0.40219.1
Project("{FAE04EC0-301F-11D3-BF4B-00C04F79EFBC}") = "FilmDatabase", "FilmDatabase\FilmDatabase.csproj", "{8A82A720-95F6-4720-A68C-0F407FA106D4}"
EndProject
Global
	GlobalSection(SolutionConfigurationPlatforms) = preSolution
		Debug|Any CPU = Debug|Any CPU
		Release|Any CPU = Release|Any CPU
	EndGlobalSection
	GlobalSection(ProjectConfigurationPlatforms) = postSolution
		{8A82A720-95F6-4720-A68C-0F407FA106D4}.Debug|Any CPU.ActiveCfg = Debug|Any CPU
		{8A82A720-95F6-4720-A68C-0F407FA106D4}.Debug|Any CPU.Build.0 = Debug|Any CPU
		{8A82A720-95F6-4720-A68C-0F407FA106D4}.Release|Any CPU.ActiveCfg = Release|Any CPU
		{8A82A720-95F6-4720-A68C-0F407FA106D4}.Release|Any CPU.Build.0 = Release|Any CPU
	EndGlobalSection
	GlobalSection(SolutionProperties) = preSolution
		HideSolutionNode = FALSE
	EndGlobalSection
	GlobalSection(ExtensibilityGlobals) = postSolution
		SolutionGuid = {F4C9C310-284F-440C-8963-04F994222879}
	EndGlobalSection
EndGlobal
